PODS:
  - Alamofire (5.10.2)
  - AppAuth (1.7.6):
    - AppAuth/Core (= 1.7.6)
    - AppAuth/ExternalUserAgent (= 1.7.6)
  - AppAuth/Core (1.7.6)
  - AppAuth/ExternalUserAgent (1.7.6):
    - AppAuth/Core
  - AppCheckCore (11.2.0):
    - GoogleUtilities/Environment (~> 8.0)
    - GoogleUtilities/UserDefaults (~> 8.0)
    - PromisesObjC (~> 2.4)
  - AWSCore (2.40.0)
  - AWSIoT (2.40.0):
    - AWSCore (= 2.40.0)
  - DropDown (2.3.13)
  - ESPProvision (3.0.2):
    - ESPProvision/Core (= 3.0.2)
  - ESPProvision/Core (3.0.2):
    - SwiftProtobuf (~> 1.22.0)
  - Firebase/Analytics (11.12.0):
    - Firebase/Core
  - Firebase/Core (11.12.0):
    - Firebase/CoreOnly
    - FirebaseAnalytics (~> 11.12.0)
  - Firebase/CoreOnly (11.12.0):
    - FirebaseCore (~> 11.12.0)
  - Firebase/Messaging (11.12.0):
    - Firebase/CoreOnly
    - FirebaseMessaging (~> 11.12.0)
  - FirebaseAnalytics (11.12.0):
    - FirebaseAnalytics/AdIdSupport (= 11.12.0)
    - FirebaseCore (~> 11.12.0)
    - FirebaseInstallations (~> 11.0)
    - GoogleUtilities/AppDelegateSwizzler (~> 8.0)
    - GoogleUtilities/MethodSwizzler (~> 8.0)
    - GoogleUtilities/Network (~> 8.0)
    - "GoogleUtilities/NSData+zlib (~> 8.0)"
    - nanopb (~> 3.30910.0)
  - FirebaseAnalytics/AdIdSupport (11.12.0):
    - FirebaseCore (~> 11.12.0)
    - FirebaseInstallations (~> 11.0)
    - GoogleAppMeasurement (= 11.12.0)
    - GoogleUtilities/AppDelegateSwizzler (~> 8.0)
    - GoogleUtilities/MethodSwizzler (~> 8.0)
    - GoogleUtilities/Network (~> 8.0)
    - "GoogleUtilities/NSData+zlib (~> 8.0)"
    - nanopb (~> 3.30910.0)
  - FirebaseCore (11.12.0):
    - FirebaseCoreInternal (~> 11.12.0)
    - GoogleUtilities/Environment (~> 8.0)
    - GoogleUtilities/Logger (~> 8.0)
  - FirebaseCoreInternal (11.12.0):
    - "GoogleUtilities/NSData+zlib (~> 8.0)"
  - FirebaseInstallations (11.12.0):
    - FirebaseCore (~> 11.12.0)
    - GoogleUtilities/Environment (~> 8.0)
    - GoogleUtilities/UserDefaults (~> 8.0)
    - PromisesObjC (~> 2.4)
  - FirebaseMessaging (11.12.0):
    - FirebaseCore (~> 11.12.0)
    - FirebaseInstallations (~> 11.0)
    - GoogleDataTransport (~> 10.0)
    - GoogleUtilities/AppDelegateSwizzler (~> 8.0)
    - GoogleUtilities/Environment (~> 8.0)
    - GoogleUtilities/Reachability (~> 8.0)
    - GoogleUtilities/UserDefaults (~> 8.0)
    - nanopb (~> 3.30910.0)
  - GoogleAppMeasurement (11.12.0):
    - GoogleAppMeasurement/AdIdSupport (= 11.12.0)
    - GoogleUtilities/AppDelegateSwizzler (~> 8.0)
    - GoogleUtilities/MethodSwizzler (~> 8.0)
    - GoogleUtilities/Network (~> 8.0)
    - "GoogleUtilities/NSData+zlib (~> 8.0)"
    - nanopb (~> 3.30910.0)
  - GoogleAppMeasurement/AdIdSupport (11.12.0):
    - GoogleAppMeasurement/WithoutAdIdSupport (= 11.12.0)
    - GoogleUtilities/AppDelegateSwizzler (~> 8.0)
    - GoogleUtilities/MethodSwizzler (~> 8.0)
    - GoogleUtilities/Network (~> 8.0)
    - "GoogleUtilities/NSData+zlib (~> 8.0)"
    - nanopb (~> 3.30910.0)
  - GoogleAppMeasurement/WithoutAdIdSupport (11.12.0):
    - GoogleUtilities/AppDelegateSwizzler (~> 8.0)
    - GoogleUtilities/MethodSwizzler (~> 8.0)
    - GoogleUtilities/Network (~> 8.0)
    - "GoogleUtilities/NSData+zlib (~> 8.0)"
    - nanopb (~> 3.30910.0)
  - GoogleDataTransport (10.1.0):
    - nanopb (~> 3.30910.0)
    - PromisesObjC (~> 2.4)
  - GoogleSignIn (8.0.0):
    - AppAuth (< 2.0, >= 1.7.3)
    - AppCheckCore (~> 11.0)
    - GTMAppAuth (< 5.0, >= 4.1.1)
    - GTMSessionFetcher/Core (~> 3.3)
  - GoogleUtilities/AppDelegateSwizzler (8.0.2):
    - GoogleUtilities/Environment
    - GoogleUtilities/Logger
    - GoogleUtilities/Network
    - GoogleUtilities/Privacy
  - GoogleUtilities/Environment (8.0.2):
    - GoogleUtilities/Privacy
  - GoogleUtilities/Logger (8.0.2):
    - GoogleUtilities/Environment
    - GoogleUtilities/Privacy
  - GoogleUtilities/MethodSwizzler (8.0.2):
    - GoogleUtilities/Logger
    - GoogleUtilities/Privacy
  - GoogleUtilities/Network (8.0.2):
    - GoogleUtilities/Logger
    - "GoogleUtilities/NSData+zlib"
    - GoogleUtilities/Privacy
    - GoogleUtilities/Reachability
  - "GoogleUtilities/NSData+zlib (8.0.2)":
    - GoogleUtilities/Privacy
  - GoogleUtilities/Privacy (8.0.2)
  - GoogleUtilities/Reachability (8.0.2):
    - GoogleUtilities/Logger
    - GoogleUtilities/Privacy
  - GoogleUtilities/UserDefaults (8.0.2):
    - GoogleUtilities/Logger
    - GoogleUtilities/Privacy
  - GTMAppAuth (4.1.1):
    - AppAuth/Core (~> 1.7)
    - GTMSessionFetcher/Core (< 4.0, >= 3.3)
  - GTMSessionFetcher/Core (3.5.0)
  - IQKeyboardCore (1.0.5)
  - IQKeyboardManagerSwift (8.0.0):
    - IQKeyboardManagerSwift/Appearance (= 8.0.0)
    - IQKeyboardManagerSwift/Core (= 8.0.0)
    - IQKeyboardManagerSwift/IQKeyboardReturnManager (= 8.0.0)
    - IQKeyboardManagerSwift/IQKeyboardToolbarManager (= 8.0.0)
    - IQKeyboardManagerSwift/IQTextView (= 8.0.0)
    - IQKeyboardManagerSwift/Resign (= 8.0.0)
  - IQKeyboardManagerSwift/Appearance (8.0.0):
    - IQKeyboardManagerSwift/Core
  - IQKeyboardManagerSwift/Core (8.0.0):
    - IQKeyboardNotification
    - IQTextInputViewNotification
  - IQKeyboardManagerSwift/IQKeyboardReturnManager (8.0.0):
    - IQKeyboardReturnManager
  - IQKeyboardManagerSwift/IQKeyboardToolbarManager (8.0.0):
    - IQKeyboardManagerSwift/Core
    - IQKeyboardToolbarManager
  - IQKeyboardManagerSwift/IQTextView (8.0.0):
    - IQTextView
  - IQKeyboardManagerSwift/Resign (8.0.0):
    - IQKeyboardManagerSwift/Core
  - IQKeyboardNotification (1.0.3)
  - IQKeyboardReturnManager (1.0.4):
    - IQKeyboardCore (= 1.0.5)
  - IQKeyboardToolbar (1.1.1):
    - IQKeyboardCore
    - IQKeyboardToolbar/Core (= 1.1.1)
  - IQKeyboardToolbar/Core (1.1.1):
    - IQKeyboardCore
    - IQKeyboardToolbar/Placeholderable
  - IQKeyboardToolbar/Placeholderable (1.1.1):
    - IQKeyboardCore
  - IQKeyboardToolbarManager (1.1.2):
    - IQKeyboardToolbar
    - IQTextInputViewNotification
  - IQTextInputViewNotification (1.0.8):
    - IQKeyboardCore
  - IQTextView (1.0.5):
    - IQKeyboardToolbar/Placeholderable
  - libextobjc (0.6):
    - libextobjc/EXTADT (= 0.6)
    - libextobjc/EXTConcreteProtocol (= 0.6)
    - libextobjc/EXTKeyPathCoding (= 0.6)
    - libextobjc/EXTNil (= 0.6)
    - libextobjc/EXTSafeCategory (= 0.6)
    - libextobjc/EXTScope (= 0.6)
    - libextobjc/EXTSelectorChecking (= 0.6)
    - libextobjc/EXTSynthesize (= 0.6)
    - "libextobjc/NSInvocation+EXT (= 0.6)"
    - "libextobjc/NSMethodSignature+EXT (= 0.6)"
    - libextobjc/RuntimeExtensions (= 0.6)
    - libextobjc/UmbrellaHeader (= 0.6)
  - libextobjc/EXTADT (0.6):
    - libextobjc/RuntimeExtensions
  - libextobjc/EXTConcreteProtocol (0.6):
    - libextobjc/RuntimeExtensions
  - libextobjc/EXTKeyPathCoding (0.6):
    - libextobjc/RuntimeExtensions
  - libextobjc/EXTNil (0.6):
    - libextobjc/RuntimeExtensions
  - libextobjc/EXTSafeCategory (0.6):
    - libextobjc/RuntimeExtensions
  - libextobjc/EXTScope (0.6):
    - libextobjc/RuntimeExtensions
  - libextobjc/EXTSelectorChecking (0.6):
    - libextobjc/RuntimeExtensions
  - libextobjc/EXTSynthesize (0.6):
    - libextobjc/RuntimeExtensions
  - "libextobjc/NSInvocation+EXT (0.6)":
    - libextobjc/RuntimeExtensions
  - "libextobjc/NSMethodSignature+EXT (0.6)":
    - libextobjc/RuntimeExtensions
  - libextobjc/RuntimeExtensions (0.6)
  - libextobjc/UmbrellaHeader (0.6)
  - libwebp (1.5.0):
    - libwebp/demux (= 1.5.0)
    - libwebp/mux (= 1.5.0)
    - libwebp/sharpyuv (= 1.5.0)
    - libwebp/webp (= 1.5.0)
  - libwebp/demux (1.5.0):
    - libwebp/webp
  - libwebp/mux (1.5.0):
    - libwebp/demux
  - libwebp/sharpyuv (1.5.0)
  - libwebp/webp (1.5.0):
    - libwebp/sharpyuv
  - lottie-ios (4.5.1)
  - MARKRangeSlider (1.1.1)
  - MMKV (101.2.13.2):
    - MMKVCore (~> 101.2.14)
  - MMKVCore (101.2.14.1)
  - nanopb (3.30910.0):
    - nanopb/decode (= 3.30910.0)
    - nanopb/encode (= 3.30910.0)
  - nanopb/decode (3.30910.0)
  - nanopb/encode (3.30910.0)
  - NVActivityIndicatorView (5.2.0):
    - NVActivityIndicatorView/Base (= 5.2.0)
  - NVActivityIndicatorView/Base (5.2.0)
  - PasswordTextField (1.3.0)
  - PromisesObjC (2.4.0)
  - razorpay-pod (1.3.14)
  - Reachability (3.7.6)
  - SwiftKeychainWrapper (4.0.1)
  - SwiftProtobuf (1.22.1)
  - SwiftyGif (5.4.5)
  - ThingAnnotationFoundation (0.6.1):
    - ThingMachRegister
  - ThingAPMService (0.5.0)
  - ThingAudioEngineSDK (1.8.21):
    - ThingAvLoggerSDK
    - ThingTensorFlowLiteC
  - ThingAvLoggerSDK (1.3.0)
  - ThingBlockKit (0.3.0)
  - ThingBluetooth (5.6.2):
    - ThingSmartUtil (~> 5.13)
  - ThingBluetoothInterface (1.22.0):
    - ThingSmartBaseKit
    - ThingSmartDeviceCoreKit
    - ThingSmartUtil
  - ThingBusinessTrackAPI (1.0.3)
  - ThingCameraSDK (4.28.11):
    - ThingAudioEngineSDK
    - ThingAvLoggerSDK
    - ThingFFmpegWrapper
    - ThingOpenSSLSDK (~> 1.1.1-t.0)
    - ThingP2PSDK
    - ThingVideoCodecSDK
  - ThingCameraUIKit (5.0.10):
    - ThingSmartMediaUIKit
  - ThingConfigHub (1.3.2):
    - ThingAPMService
    - ThingBlockKit
    - ThingFoundationKit
    - ThingMachRegister
    - ThingModuleManager
    - ThingSmartBaseKit
    - ThingSmartEventPredefined
    - ThingSmartUtil
    - YYModel
  - ThingDeviceBusinessDataKit (1.4.2):
    - ThingBluetoothInterface
    - ThingFoundationKit
    - ThingSmartBaseKit
    - ThingSmartDeviceCoreKit
    - ThingSmartShareKit
    - YYModel
  - ThingDeviceDetailKit (0.4.5):
    - ThingBluetoothInterface
    - ThingDeviceBusinessDataKit
    - ThingFoundationKit
    - ThingLogMacro
    - ThingModuleManager
    - ThingSmartBaseKit
    - ThingSmartDeviceCoreKit
    - ThingSmartMatterInterfaceAPI
    - ThingSmartShareKit
    - ThingSmartTimerKit
    - YYModel
  - ThingEncryptImage (4.33.0):
    - libwebp
    - ThingSmartUtil
  - ThingFamilyAPI (1.7.2)
  - ThingFFmpegWrapper (4.4.2.6)
  - ThingFoundationKit (1.25.1):
    - ThingSmartUtil
  - ThingGroupHandleSktAPI (1.6.1):
    - ThingSmartDeviceCoreKit
    - ThingSmartUtil
  - ThingGroupManagerKit (1.3.2):
    - ThingBluetoothInterface
    - ThingBusinessTrackAPI
    - ThingConfigHub
    - ThingDeviceBusinessDataKit
    - ThingFoundationKit
    - ThingGroupHandleSktAPI
    - ThingModuleManager
    - ThingSmartDeviceCoreKit
    - ThingSmartShareKit
  - ThingHomeKitAPI (1.1.3)
  - ThingKVStorageCoreLibrary (0.2.6):
    - MMKV
    - ThingSmartUtil
  - ThingKVStorageLibrary (1.0.2):
    - ThingModuleManager
    - ThingStorageGroupInterface
  - ThingKVStorageService (0.2.1):
    - ThingAnnotationFoundation
    - ThingKVStorageCoreLibrary
    - ThingSmartBaseKit
    - ThingStorageGroupInterface
  - ThingLogMacro (0.3.9)
  - ThingMachRegister (0.8.0)
  - ThingMbedtls (3.5.2)
  - ThingModuleManager (2.15.3):
    - ThingAnnotationFoundation
    - ThingFoundationKit
  - ThingOEMConfig (1.57.5):
    - libextobjc
    - ThingEncryptImage
    - ThingFoundationKit
    - ThingKVStorageLibrary
    - ThingMachRegister
    - ThingSmartBaseKit
    - YYModel
  - ThingOpenSSLSDK (1.1.1-w.4)
  - ThingP2PSDK (3.10.0):
    - ThingAvLoggerSDK
    - ThingMbedtls
  - ThingSmartActivatorCoreKit (5.9.2):
    - ThingSmartBaseKit (~> 5.0)
    - ThingSmartDeviceCoreKit (~> 5.0)
    - ThingSmartPairingCoreKit (~> 5.3)
    - ThingSmartSocketChannelKit (~> 5.0)
    - ThingSmartUtil (~> 5.14)
  - ThingSmartActivatorDiscoveryManager (1.14.3):
    - ThingBluetoothInterface
    - ThingHomeKitAPI
    - ThingModuleManager
    - ThingSmartActivatorCoreKit
    - ThingSmartBaseKit
    - ThingSmartMatterInterfaceAPI
    - ThingSmartUtil
    - YYModel
  - ThingSmartActivatorKit (5.60.3):
    - ThingSmartActivatorCoreKit (~> 5.2)
    - ThingSmartDeviceKit (~> 5.0)
    - YYModel
  - ThingSmartAVBaseKit (2.4.3):
    - ThingAvLoggerSDK
    - ThingSmartUtil
  - ThingSmartBaseBLEKit (1.0.0):
    - ThingSmartUtil (~> 5.12)
  - ThingSmartBaseKit (5.8.8):
    - ThingSmartMQTTChannelKit (~> 5.0)
    - ThingSmartNetworkKit (~> 5.0)
    - ThingSmartUtil (~> 5.0)
    - YYModel
  - ThingSmartBeaconKit (5.4.3):
    - ThingSmartBaseBLEKit (~> 1.0)
    - ThingSmartBaseKit (~> 5.0)
    - ThingSmartBLECoreKit (~> 5.0)
    - ThingSmartDeviceCoreKit (~> 5.14)
    - ThingSmartUtil (~> 5.14)
  - ThingSmartBLECoreKit (5.13.5.1):
    - ThingBluetooth (< 10.0, ~> 5.5)
    - ThingSmartBaseBLEKit (~> 1.0)
    - ThingSmartUtil (~> 5.18)
    - YYModel
  - ThingSmartBLEKit (5.14.6):
    - ThingBluetooth (< 10.0, ~> 5.6)
    - ThingSmartBaseBLEKit (~> 1.0)
    - ThingSmartBaseKit (~> 5.0)
    - ThingSmartBeaconKit (~> 5.0)
    - ThingSmartBLECoreKit (~> 5.13)
    - ThingSmartDeviceCoreKit (~> 5.15)
    - ThingSmartUtil (~> 5.17)
  - ThingSmartBLEMeshKit (5.13.3):
    - ThingBluetooth (< 10.0, ~> 5.4)
    - ThingSmartActivatorCoreKit (~> 5.0)
    - ThingSmartBaseBLEKit (~> 1.0)
    - ThingSmartBaseKit (~> 5.0)
    - ThingSmartDeviceCoreKit (~> 5.14)
    - ThingSmartUtil (~> 5.14)
  - ThingSmartBusinessExtensionKit (6.11.0.10):
    - libextobjc
    - libextobjc/EXTADT
    - libextobjc/EXTConcreteProtocol
    - libextobjc/EXTKeyPathCoding
    - libextobjc/EXTNil
    - libextobjc/EXTSafeCategory
    - libextobjc/EXTScope
    - libextobjc/EXTSelectorChecking
    - libextobjc/EXTSynthesize
    - "libextobjc/NSInvocation+EXT"
    - "libextobjc/NSMethodSignature+EXT"
    - libextobjc/RuntimeExtensions
    - libextobjc/UmbrellaHeader
    - libwebp
    - libwebp/demux
    - libwebp/mux
    - libwebp/sharpyuv
    - libwebp/webp
    - MMKV (~> 101.2.13.2)
    - MMKVCore (~> 101.2.14.1)
    - ThingAnnotationFoundation (= 0.6.1)
    - ThingAPMService (= 0.5.0)
    - ThingBlockKit (= 0.3.0)
    - ThingBluetoothInterface (= 1.22.0)
    - ThingBusinessTrackAPI (= 1.0.3)
    - ThingConfigHub (= 1.3.2)
    - ThingDeviceBusinessDataKit (= 1.4.2)
    - ThingDeviceDetailKit (= 0.4.5)
    - ThingEncryptImage (= 4.33.0)
    - ThingFamilyAPI (= 1.7.2)
    - ThingFoundationKit (= 1.25.1)
    - ThingGroupHandleSktAPI (= 1.6.1)
    - ThingGroupManagerKit (= 1.3.2)
    - ThingHomeKitAPI (= 1.1.3)
    - ThingKVStorageCoreLibrary (= 0.2.6)
    - ThingKVStorageLibrary (= 1.0.2)
    - ThingKVStorageService (= 0.2.1)
    - ThingLogMacro (= 0.3.9)
    - ThingMachRegister (= 0.8.0)
    - ThingMbedtls (= 3.5.2)
    - ThingModuleManager (= 2.15.3)
    - ThingOEMConfig (= 1.57.5)
    - ThingOpenSSLSDK (~> 1.1.1-w.4)
    - ThingSmartActivatorCoreKit (= 5.9.2)
    - ThingSmartActivatorDiscoveryManager (= 1.14.3)
    - ThingSmartBaseKit (= 5.8.8)
    - ThingSmartCryption
    - ThingSmartDeviceCoreKit (= 5.24.6.1)
    - ThingSmartDeviceKit (= 5.14.2)
    - ThingSmartEventPredefined (= 1.3.0)
    - ThingSmartFamilyBizKit (= 1.13.2)
    - ThingSmartGroupLink (= 1.5.0)
    - ThingSmartMatterInterfaceAPI (= 1.7.1)
    - ThingSmartMessageKit (= 5.6.5)
    - ThingSmartMQTTChannelKit (= 5.8.2)
    - ThingSmartNetworkKit (= 5.10.5)
    - ThingSmartPairingCoreKit (= 5.6.2)
    - ThingSmartShareKit (= 5.4.0)
    - ThingSmartSocketChannelKit (= 5.0.11)
    - ThingSmartTimerKit (= 5.0.0)
    - ThingSmartUtil (= 5.19.0)
    - ThingStorageGroupInterface (= 0.2.1)
    - YYModel
  - ThingSmartCallChannelKit (2.3.1):
    - ThingSmartAVBaseKit
    - ThingSmartBaseKit
    - ThingSmartCallCounterKit
    - ThingSmartDeviceCoreKit
    - ThingSmartMQTTChannelKit
    - ThingSmartNetworkKit
  - ThingSmartCallCounterKit (1.0.3)
  - ThingSmartCameraBase (6.10.1):
    - ThingSmartAVBaseKit
    - ThingSmartMediaServices
  - ThingSmartCameraExtSDK (1.0.6)
  - ThingSmartCameraKit (6.11.5.5):
    - libwebp
    - libwebp/demux
    - libwebp/mux
    - libwebp/sharpyuv
    - libwebp/webp
    - ThingAudioEngineSDK (= 1.8.21)
    - ThingAvLoggerSDK (= 1.3.0)
    - ThingCameraSDK (= 4.28.11)
    - ThingEncryptImage (= 4.33.0)
    - ThingFFmpegWrapper (= 4.4.2.6)
    - ThingMbedtls (= 3.5.2)
    - ThingOpenSSLSDK (~> 1.1.1-w.4)
    - ThingP2PSDK (= 3.10.0)
    - ThingSmartAVBaseKit (= 2.4.3)
    - ThingSmartBaseKit (= 5.8.8)
    - ThingSmartCallChannelKit (= 2.3.1)
    - ThingSmartCallCounterKit (= 1.0.3)
    - ThingSmartCameraBase (= 6.10.1)
    - ThingSmartCameraExtSDK (= 1.0.6)
    - ThingSmartCameraM (= 6.10.5)
    - ThingSmartCryption
    - ThingSmartDeviceCoreKit (= 5.24.6.1)
    - ThingSmartMediaKit (= 2.0.0)
    - ThingSmartMediaServices (= 3.0.1)
    - ThingSmartMediaUIKit (= 3.0.1)
    - ThingSmartMQTTChannelKit (= 5.8.2)
    - ThingSmartNetworkKit (= 5.10.5)
    - ThingSmartP2pChannelKit (= 5.15.0)
    - ThingSmartSocketChannelKit (= 5.0.11)
    - ThingSmartUtil (= 5.19.0)
    - ThingTensorFlowLiteC (= 2.17.14)
    - ThingVideoCodecSDK (= 1.8.0)
    - YYModel
  - ThingSmartCameraM (6.10.5):
    - ThingAvLoggerSDK
    - ThingCameraSDK
    - ThingSmartAVBaseKit
    - ThingSmartBaseKit
    - ThingSmartCameraBase
    - ThingSmartDeviceCoreKit
    - ThingSmartMediaUIKit
    - ThingSmartP2pChannelKit
  - ThingSmartCryption (5.0.0)
  - ThingSmartDeviceCoreKit (5.24.6.1):
    - ThingSmartMQTTChannelKit (~> 5.8)
    - ThingSmartNetworkKit (~> 5.0)
    - ThingSmartSocketChannelKit (~> 5.0)
    - ThingSmartUtil (~> 5.18)
    - YYModel
  - ThingSmartDeviceKit (5.14.2):
    - ThingMachRegister
    - ThingSmartBaseKit (~> 5.0)
    - ThingSmartDeviceCoreKit (~> 5.20)
    - ThingSmartMQTTChannelKit (~> 5.5)
    - ThingSmartNetworkKit (>= 5.7.10)
    - ThingSmartShareKit (~> 5.0)
    - YYModel
  - ThingSmartEventPredefined (1.3.0)
  - ThingSmartFamilyBizKit (1.13.2):
    - ThingEncryptImage
    - ThingFoundationKit
    - ThingKVStorageLibrary
    - ThingModuleManager
    - ThingOEMConfig
    - ThingSmartBaseKit
    - ThingSmartDeviceKit
    - ThingStorageGroupInterface
  - ThingSmartFeedbackKit (5.0.0):
    - ThingSmartBaseKit (~> 5.0)
    - YYModel
  - ThingSmartGroupLink (1.5.0):
    - ThingFamilyAPI
    - ThingGroupHandleSktAPI
    - ThingModuleManager
    - ThingSmartDeviceKit
  - ThingSmartHomeKit (6.11.0.8):
    - ThingBluetooth (= 5.6.2)
    - ThingMachRegister (= 0.8.0)
    - ThingMbedtls (= 3.5.2)
    - ThingOpenSSLSDK (~> 1.1.1-w.4)
    - ThingSmartActivatorCoreKit (= 5.9.2)
    - ThingSmartActivatorKit (= 5.60.3)
    - ThingSmartBaseBLEKit (= 1.0.0)
    - ThingSmartBaseKit (= 5.8.8)
    - ThingSmartBeaconKit (= 5.4.3)
    - ThingSmartBLECoreKit (= 5.13.5.1)
    - ThingSmartBLEKit (= 5.14.6)
    - ThingSmartBLEMeshKit (= 5.13.3)
    - ThingSmartCryption
    - ThingSmartDeviceCoreKit (= 5.24.6.1)
    - ThingSmartDeviceKit (= 5.14.2)
    - ThingSmartFeedbackKit (= 5.0.0)
    - ThingSmartMessageKit (= 5.6.5)
    - ThingSmartMQTTChannelKit (= 5.8.2)
    - ThingSmartNetworkKit (= 5.10.5)
    - ThingSmartPairingCoreKit (= 5.6.2)
    - ThingSmartSceneCoreKit (= 5.19.1)
    - ThingSmartSceneKit (= 4.0.0)
    - ThingSmartShareKit (= 5.4.0)
    - ThingSmartSocketChannelKit (= 5.0.11)
    - ThingSmartTimerKit (= 5.0.0)
    - ThingSmartUtil (= 5.19.0)
    - YYModel
  - ThingSmartLockKit (6.11.0.7):
    - libwebp
    - libwebp/demux
    - libwebp/mux
    - libwebp/sharpyuv
    - libwebp/webp
    - ThingAudioEngineSDK (= 1.8.21)
    - ThingAvLoggerSDK (= 1.3.0)
    - ThingBluetooth (= 5.6.2)
    - ThingCameraSDK (= 4.28.11)
    - ThingCameraUIKit (= 5.0.10)
    - ThingEncryptImage (= 4.33.0)
    - ThingFFmpegWrapper (= 4.4.2.6)
    - ThingFoundationKit (= 1.25.1)
    - ThingMachRegister (= 0.8.0)
    - ThingMbedtls (= 3.5.2)
    - ThingOpenSSLSDK (~> 1.1.1-w.4)
    - ThingP2PSDK (= 3.10.0)
    - ThingSmartAVBaseKit (= 2.4.3)
    - ThingSmartBaseBLEKit (= 1.0.0)
    - ThingSmartBaseKit (= 5.8.8)
    - ThingSmartBeaconKit (= 5.4.3)
    - ThingSmartBLECoreKit (= 5.13.5.1)
    - ThingSmartBLEKit (= 5.14.6)
    - ThingSmartCallChannelKit (= 2.3.1)
    - ThingSmartCallCounterKit (= 1.0.3)
    - ThingSmartCameraBase (= 6.10.1)
    - ThingSmartCameraExtSDK (= 1.0.6)
    - ThingSmartCameraKit (~> 6.11.5.0)
    - ThingSmartCameraM (= 6.10.5)
    - ThingSmartCryption
    - ThingSmartDeviceCoreKit (= 5.24.6.1)
    - ThingSmartDeviceKit (= 5.14.2)
    - ThingSmartMediaKit (= 2.0.0)
    - ThingSmartMediaServices (= 3.0.1)
    - ThingSmartMediaUIKit (= 3.0.1)
    - ThingSmartMQTTChannelKit (= 5.8.2)
    - ThingSmartNetworkKit (= 5.10.5)
    - ThingSmartP2pChannelKit (= 5.15.0)
    - ThingSmartShareKit (= 5.4.0)
    - ThingSmartSocketChannelKit (= 5.0.11)
    - ThingSmartUtil (= 5.19.0)
    - ThingTensorFlowLiteC (= 2.17.14)
    - ThingVideoCodecSDK (= 1.8.0)
    - YYModel
  - ThingSmartLockSDK (1.4.0):
    - ThingSmartBaseKit
    - ThingSmartBLECoreKit
    - ThingSmartBLEKit
    - ThingSmartDeviceCoreKit
    - ThingSmartResidenceBasicKit
    - ThingSmartResidenceKit
  - ThingSmartMatterInterfaceAPI (1.7.1):
    - ThingSmartDeviceCoreKit
  - ThingSmartMediaKit (2.0.0):
    - ThingEncryptImage
    - ThingSmartAVBaseKit
  - ThingSmartMediaServices (3.0.1)
  - ThingSmartMediaUIKit (3.0.1):
    - ThingSmartMediaServices
  - ThingSmartMessageKit (5.6.5):
    - ThingSmartBaseKit
    - YYModel
  - ThingSmartMQTTChannelKit (5.8.2):
    - ThingSmartUtil (>= 5.0.0)
  - ThingSmartNetworkKit (5.10.5):
    - ThingSmartUtil (>= 5.19.0)
    - YYModel
  - ThingSmartP2pChannelKit (5.15.0):
    - ThingP2PSDK
    - ThingSmartAVBaseKit
    - ThingSmartBaseKit
    - ThingSmartDeviceCoreKit
  - ThingSmartPairingCoreKit (5.6.2):
    - ThingSmartMQTTChannelKit (>= 5.0.0)
    - ThingSmartSocketChannelKit (>= 5.0.0)
    - ThingSmartUtil (>= 5.19.0)
    - YYModel
  - ThingSmartResidenceBasicKit (1.1.1)
  - ThingSmartResidenceKit (1.3.0):
    - ThingSmartBaseKit
    - ThingSmartDeviceCoreKit
    - ThingSmartResidenceBasicKit
    - ThingSmartShareKit
  - ThingSmartSceneCoreKit (5.19.1):
    - ThingSmartBaseKit
    - ThingSmartDeviceCoreKit
    - ThingSmartNetworkKit (>= 5.7.10)
    - YYModel
  - ThingSmartSceneKit (4.0.0):
    - ThingSmartBaseKit
    - ThingSmartDeviceKit
    - ThingSmartSceneCoreKit
  - ThingSmartShareKit (5.4.0):
    - ThingSmartBaseKit (~> 5.0)
    - ThingSmartDeviceCoreKit (~> 5.0)
  - ThingSmartSocketChannelKit (5.0.11):
    - ThingSmartUtil (>= 5.0.0)
  - ThingSmartTimerKit (5.0.0):
    - ThingSmartBaseKit (~> 5.0)
    - ThingSmartDeviceCoreKit (~> 5.0)
    - YYModel
  - ThingSmartUtil (5.19.0):
    - ThingMbedtls (= 3.5.2)
    - ThingOpenSSLSDK (~> 1.1.1-t.0)
  - ThingStorageGroupInterface (0.2.1)
  - ThingTensorFlowLiteC (2.17.14)
  - ThingVideoCodecSDK (1.8.0):
    - ThingAvLoggerSDK
    - ThingFFmpegWrapper
  - YYModel (1.0.4)

DEPENDENCIES:
  - Alamofire
  - AWSCore
  - AWSIoT
  - DropDown
  - ESPProvision
  - Firebase/Analytics
  - Firebase/Core
  - Firebase/Messaging
  - GoogleSignIn
  - IQKeyboardManagerSwift
  - lottie-ios
  - MARKRangeSlider
  - NVActivityIndicatorView
  - PasswordTextField
  - razorpay-pod (~> 1.3.5)
  - Reachability
  - SwiftKeychainWrapper
  - SwiftyGif
  - ThingSmartActivatorCoreKit
  - ThingSmartActivatorKit
  - ThingSmartBusinessExtensionKit
  - ThingSmartCameraKit
  - ThingSmartCryption (from `./`)
  - ThingSmartHomeKit (~> 6.11.0)
  - ThingSmartLockKit (~> 6.11)
  - ThingSmartLockSDK (= 1.4.0)

SPEC REPOS:
  https://github.com/tuya/tuya-pod-specs.git:
    - MMKV
    - MMKVCore
    - ThingAnnotationFoundation
    - ThingAPMService
    - ThingAudioEngineSDK
    - ThingAvLoggerSDK
    - ThingBlockKit
    - ThingBluetooth
    - ThingBluetoothInterface
    - ThingBusinessTrackAPI
    - ThingCameraSDK
    - ThingCameraUIKit
    - ThingConfigHub
    - ThingDeviceBusinessDataKit
    - ThingDeviceDetailKit
    - ThingEncryptImage
    - ThingFamilyAPI
    - ThingFFmpegWrapper
    - ThingFoundationKit
    - ThingGroupHandleSktAPI
    - ThingGroupManagerKit
    - ThingHomeKitAPI
    - ThingKVStorageCoreLibrary
    - ThingKVStorageLibrary
    - ThingKVStorageService
    - ThingLogMacro
    - ThingMachRegister
    - ThingMbedtls
    - ThingModuleManager
    - ThingOEMConfig
    - ThingOpenSSLSDK
    - ThingP2PSDK
    - ThingSmartActivatorCoreKit
    - ThingSmartActivatorDiscoveryManager
    - ThingSmartActivatorKit
    - ThingSmartAVBaseKit
    - ThingSmartBaseBLEKit
    - ThingSmartBaseKit
    - ThingSmartBeaconKit
    - ThingSmartBLECoreKit
    - ThingSmartBLEKit
    - ThingSmartBLEMeshKit
    - ThingSmartBusinessExtensionKit
    - ThingSmartCallChannelKit
    - ThingSmartCallCounterKit
    - ThingSmartCameraBase
    - ThingSmartCameraExtSDK
    - ThingSmartCameraKit
    - ThingSmartCameraM
    - ThingSmartDeviceCoreKit
    - ThingSmartDeviceKit
    - ThingSmartEventPredefined
    - ThingSmartFamilyBizKit
    - ThingSmartFeedbackKit
    - ThingSmartGroupLink
    - ThingSmartHomeKit
    - ThingSmartLockKit
    - ThingSmartLockSDK
    - ThingSmartMatterInterfaceAPI
    - ThingSmartMediaKit
    - ThingSmartMediaServices
    - ThingSmartMediaUIKit
    - ThingSmartMessageKit
    - ThingSmartMQTTChannelKit
    - ThingSmartNetworkKit
    - ThingSmartP2pChannelKit
    - ThingSmartPairingCoreKit
    - ThingSmartResidenceBasicKit
    - ThingSmartResidenceKit
    - ThingSmartSceneCoreKit
    - ThingSmartSceneKit
    - ThingSmartShareKit
    - ThingSmartSocketChannelKit
    - ThingSmartTimerKit
    - ThingSmartUtil
    - ThingStorageGroupInterface
    - ThingTensorFlowLiteC
    - ThingVideoCodecSDK
  trunk:
    - Alamofire
    - AppAuth
    - AppCheckCore
    - AWSCore
    - AWSIoT
    - DropDown
    - ESPProvision
    - Firebase
    - FirebaseAnalytics
    - FirebaseCore
    - FirebaseCoreInternal
    - FirebaseInstallations
    - FirebaseMessaging
    - GoogleAppMeasurement
    - GoogleDataTransport
    - GoogleSignIn
    - GoogleUtilities
    - GTMAppAuth
    - GTMSessionFetcher
    - IQKeyboardCore
    - IQKeyboardManagerSwift
    - IQKeyboardNotification
    - IQKeyboardReturnManager
    - IQKeyboardToolbar
    - IQKeyboardToolbarManager
    - IQTextInputViewNotification
    - IQTextView
    - libextobjc
    - libwebp
    - lottie-ios
    - MARKRangeSlider
    - nanopb
    - NVActivityIndicatorView
    - PasswordTextField
    - PromisesObjC
    - razorpay-pod
    - Reachability
    - SwiftKeychainWrapper
    - SwiftProtobuf
    - SwiftyGif
    - YYModel

EXTERNAL SOURCES:
  ThingSmartCryption:
    :path: "./"

SPEC CHECKSUMS:
  Alamofire: 7193b3b92c74a07f85569e1a6c4f4237291e7496
  AppAuth: d4f13a8fe0baf391b2108511793e4b479691fb73
  AppCheckCore: cc8fd0a3a230ddd401f326489c99990b013f0c4f
  AWSCore: 4471ed25584be09ad78922b6f8a06087c1690cb9
  AWSIoT: 49534dda309744b63c3f8260ad96ae38c35ce69f
  DropDown: 8a2116376c1981888557f72ec2ffc9a5e0e456ec
  ESPProvision: ffc50093a0a3e72a80d03116bbe0d0d4bb4252b7
  Firebase: 735108d2d0b67827cd929bfe8254983907c4479f
  FirebaseAnalytics: 2979c21ead00c520feff30db97ebadd669442f2a
  FirebaseCore: 9d7a0caf39ec7317fbe13b3c7864c8c2acc60da8
  FirebaseCoreInternal: 480d23e21f699cc7bcbc3d8eaa301f15d1e3ffaf
  FirebaseInstallations: 41189d8b11007152d9e46ec844019f38a0a4282a
  FirebaseMessaging: 3a5de79d8dce82b70815123c05dfb8825111f15d
  GoogleAppMeasurement: 6ee0ee888bb1db802c49049001adb4013d7fe41b
  GoogleDataTransport: aae35b7ea0c09004c3797d53c8c41f66f219d6a7
  GoogleSignIn: ce8c89bb9b37fb624b92e7514cc67335d1e277e4
  GoogleUtilities: 26a3abef001b6533cf678d3eb38fd3f614b7872d
  GTMAppAuth: f69bd07d68cd3b766125f7e072c45d7340dea0de
  GTMSessionFetcher: 5aea5ba6bd522a239e236100971f10cb71b96ab6
  IQKeyboardCore: 28c8bf3bcd8ba5aa1570b318cbc4da94b861711e
  IQKeyboardManagerSwift: 0c6fbbaa2e60739e48d7cf59f25661471a7a3a65
  IQKeyboardNotification: d7382c4466c5a5adef92c7452ebf861b36050088
  IQKeyboardReturnManager: 972be48528ce9e7508ab3ab15ac7efac803f17f5
  IQKeyboardToolbar: d4bdccfb78324aec2f3920659c77bb89acd33312
  IQKeyboardToolbarManager: 6f4072ac620c2572d4af8c09f42a801f3e4909f7
  IQTextInputViewNotification: f5e954d8881fd9808b744e49e024cc0d4bcfe572
  IQTextView: ae13b4922f22e6f027f62c557d9f4f236b19d5c7
  libextobjc: aed8b7d2b07f511c1a7ecaacb33ea03e327c69b7
  libwebp: 02b23773aedb6ff1fd38cec7a77b81414c6842a8
  lottie-ios: 248b380fa1b97d18e792c37d90da7ab2aa0d6562
  MARKRangeSlider: ef7e1fe84d22996f47fd72dcb8de50b9410aac47
  MMKV: 1a98e8d019dd06023091ea48b49b7506fee381a8
  MMKVCore: c24975f7f2532fa96567ae9d2e91bea1256f4a84
  nanopb: fad817b59e0457d11a5dfbde799381cd727c1275
  NVActivityIndicatorView: fe52a6a68664c2df8991d7d9e3d86d8d19453c53
  PasswordTextField: 2fa9a5ef7d3280c3f727a352a36886856e230aaa
  PromisesObjC: f5707f49cb48b9636751c5b2e7d227e43fba9f47
  razorpay-pod: ffee2198928e2a5ed2556863af4db6b79722cea3
  Reachability: fd0ecd23705e2599e4cceeb943222ae02296cbc6
  SwiftKeychainWrapper: 807ba1d63c33a7d0613288512399cd1eda1e470c
  SwiftProtobuf: 7773c4e96a99d7b8ab7cda0fc30a883732ff93b1
  SwiftyGif: 706c60cf65fa2bc5ee0313beece843c8eb8194d4
  ThingAnnotationFoundation: 6d65fed69cfffe1247c06e48e5d4fe005cea075d
  ThingAPMService: 6ed408a268fb2b6ec192a0b5f1306441ff3f1e1b
  ThingAudioEngineSDK: 08db9cfd64af323f27c61f788ef5cd95616e34d3
  ThingAvLoggerSDK: 796177d0575fe8a57a625909c2cbecdbe4d36d7b
  ThingBlockKit: f5838a79821f5c5f6c7ddb290c0a0a1509090ffd
  ThingBluetooth: 3eb0398479495e871035a565d6dfe60853967436
  ThingBluetoothInterface: 310fdb709ce6dd4fc16bca42fffadf8846bd2ad8
  ThingBusinessTrackAPI: cf4d300a91c852a710affb55e2c1105665018bd7
  ThingCameraSDK: c121d56057420fc2ed0dba5c5da5193d04327668
  ThingCameraUIKit: f9d926669c9657eab6b0af771309feaebf37561a
  ThingConfigHub: ac2ceeecdcd287f2fd3eb219113e735368313ac9
  ThingDeviceBusinessDataKit: 08712fb3ff5870515f6a3e451d3ec46f68ada04e
  ThingDeviceDetailKit: 588f9e44ecd3e85123b315e9d9e7e4123b47c8dd
  ThingEncryptImage: a596d62f177d03260613acd05858baeb287e2f0c
  ThingFamilyAPI: ea47c4b27f43576e9e4c8839accd3eb49bc58151
  ThingFFmpegWrapper: 8f57ebbd59549e89342a3862d3db8d4163766ed8
  ThingFoundationKit: 34280c5a38a8ab09a5f40229ca48d2aa33b077fa
  ThingGroupHandleSktAPI: ecf45f2cd6956e8a165beb1ef616aa69709e5583
  ThingGroupManagerKit: 718bd4061318651d80c3b8d0383131c1b2671011
  ThingHomeKitAPI: a44b8e2b7783749091c4ea777a6dc7bc1dd02f8d
  ThingKVStorageCoreLibrary: 0060a1969f087a3d5151a5714ec8b6c1a2af6289
  ThingKVStorageLibrary: e1e7373ac7a0e3d94f3fd666f9dfec7aedfc2507
  ThingKVStorageService: 1af3c725cc40f33738d8b4fb39e31f6c596db5ef
  ThingLogMacro: 2b9bb80625e9eeca2db293dc870be017c7b0ba8a
  ThingMachRegister: 44c6eb53032ebfdeeaa1b610071e2cc8b5bfa0ff
  ThingMbedtls: 52721dc4ab458c5bcd4e2d679fc08d1bb716f3a0
  ThingModuleManager: 5f022f0b46d47ef0940eb60c985b5e071e1af2e5
  ThingOEMConfig: 9bb040a1e2ad263e9cdab630f2c018476da56ca0
  ThingOpenSSLSDK: 838c9c839f77cad49e23fa007221794965325459
  ThingP2PSDK: d736e845c27a2d810f90208deaae5a5e394a2324
  ThingSmartActivatorCoreKit: 5d0ddff4c7fae2f8bd2df6650e524ffdeae9d70b
  ThingSmartActivatorDiscoveryManager: 428be09065f0f8d7b2c13de912bd662a4c23fcc7
  ThingSmartActivatorKit: 9c09d6e04c0306d5c7c4be5ed6457beb7b4385ad
  ThingSmartAVBaseKit: 7e5673112ca977186a441f29e74316a8e96302b3
  ThingSmartBaseBLEKit: ce4744d0ef3f4327b8c6c1f101a5836b804b7484
  ThingSmartBaseKit: ab0052591956788fce26b3be2f0bfef04e08994c
  ThingSmartBeaconKit: d5507eea8d118a8ef96abcbd79816c207dffdf41
  ThingSmartBLECoreKit: f74134056185a7151b5fea39e80c436c3bf488c4
  ThingSmartBLEKit: 67ed5b1a148252141f11c639a847032dc015ea0a
  ThingSmartBLEMeshKit: 23cf1730f18d52d2b70c98a14f9fa9ff2791e6de
  ThingSmartBusinessExtensionKit: a4da37a41852bccb01b3c7cfac97039d1bf5441a
  ThingSmartCallChannelKit: 939c5b7d4638a44d18e21da8970367fd431fdbd3
  ThingSmartCallCounterKit: d66eaf519eac50e29d867fe8729fca5941afe120
  ThingSmartCameraBase: 11187a7afac6875805143e1c193c4a3d95cbadcc
  ThingSmartCameraExtSDK: 3001a5278cdd4ad4217e1e76c0707354bb516af0
  ThingSmartCameraKit: 457f52517b0323af8189866b2eaf724089ccb1e8
  ThingSmartCameraM: 72f32f2e743486afa4c14fd43c5c809de5bdfc9d
  ThingSmartCryption: 33906a7bf4d19f26bf90dccde474e2bcba46c21f
  ThingSmartDeviceCoreKit: 501df4df49d1710a0f13e1bdaf4c30f26e17d350
  ThingSmartDeviceKit: 5d3fc3a40fec31d9851723ef5a27f3faf57cada2
  ThingSmartEventPredefined: 31f101174315ac74844c63354a607f09bf40a838
  ThingSmartFamilyBizKit: 5d6222cb2a9dfe61874e80fef5e9d59929cce921
  ThingSmartFeedbackKit: 9cdd6d748f06b20fec1076eedae5dc07c3c2e8d0
  ThingSmartGroupLink: c85c6d4ff34ab7667c317fb574626af79856654f
  ThingSmartHomeKit: 67abec0dadceb19b159312219e6ae91b600eca31
  ThingSmartLockKit: b2b330032430dff9679977ca12185fb3d1ab103c
  ThingSmartLockSDK: 0c02eb0d4aa552d9dcddd03980d1efa7cbdd1147
  ThingSmartMatterInterfaceAPI: 677a68b8b757ee07c47c5eea321a2aa9fbac5312
  ThingSmartMediaKit: 11e030a942df4d0a788a54e13d2991f295240694
  ThingSmartMediaServices: 762be816bae62106539e0e3af1661253df507c8b
  ThingSmartMediaUIKit: a03e7ed747b7c7061427ddc55157253b85b2d361
  ThingSmartMessageKit: aecf09e5b33a3f1ca9c0dabdcd62f5640c36b4b7
  ThingSmartMQTTChannelKit: 2e76a6cc2e161a4ee086bef9168cc691c6efc39e
  ThingSmartNetworkKit: 4be7c60925e4e583925bff2afe133ad89fb20afa
  ThingSmartP2pChannelKit: 259ed06ce5c5baf847c084e7a72bae7774970510
  ThingSmartPairingCoreKit: c4b9e9adfe636a5b458e04f30df8d3724a564063
  ThingSmartResidenceBasicKit: 445fb3cfec60f27fd222dfca9ff5a997ddafa18d
  ThingSmartResidenceKit: b2112ea51e616fc91fd0179b5844ee85e75d5d9c
  ThingSmartSceneCoreKit: c81f07ddfd4a48b68087d2c1a1b78a0fdfbbf290
  ThingSmartSceneKit: d738bbf17790e3b4e087cb820f66dfcd5d7aa551
  ThingSmartShareKit: 5d97cf5e650ba28484c114c871e292a53aa7030f
  ThingSmartSocketChannelKit: 3251b177c2cb6bb4ec51754ea7e21f2c302ab0da
  ThingSmartTimerKit: 092435bef111dc7f2086e015643641e7e984bdcd
  ThingSmartUtil: d0ad7bef1ec517a4be33a853a1c9ee61608c0929
  ThingStorageGroupInterface: 2b0792cb037451b26d6cb1cf9a03c52666ddbf4f
  ThingTensorFlowLiteC: 0104714373dc8dcdaf0cf8947ff70d3170784429
  ThingVideoCodecSDK: c6d8eaf054bef8ca9fb0c5c6412f29211067408c
  YYModel: 2a7fdd96aaa4b86a824e26d0c517de8928c04b30

PODFILE CHECKSUM: 7b179b3d28f0e986509e6698ff3419248b07c3a7

COCOAPODS: 1.16.2
